{
  "name": "marketpulse_backend",
  "lockfileVersion": 3,
  "requires": true,
  "packages": {
    "": {
      "dependencies": {
        "line": "^0.1.8"
      }
    },
    "node_modules/ender-events": {
      "version": "0.0.3",
      "resolved": "https://registry.npmjs.org/ender-events/-/ender-events-0.0.3.tgz",
      "integrity": "sha512-S35OPrLMnrKBkHD34FANeWC1D/fcp5SaBjfXQzMW/SWgJ5CSRvM/DgVMqBiZcAJ+NGF9XdSCMyTOB6C65pjOiA=="
    },
    "node_modules/line": {
      "version": "0.1.8",
      "resolved": "https://registry.npmjs.org/line/-/line-0.1.8.tgz",
      "integrity": "sha512-HsI7pqrr3PcgXJvciVgLCdET8YJ0zkHr19g9s0s04yiDheXBs6ceIl2bR5uJI9JHLEyxxEAPOpRTyLNCiutfXg==",
      "dependencies": {
        "ender-events": "*"
      }
    }
  }
}
